
Microsoft Visual Studio Solution File, Format Version 12.00
# Visual Studio 14
VisualStudioVersion = 14.0.25420.1
MinimumVisualStudioVersion = 10.0.40219.1
Project("{FAE04EC0-301F-11D3-BF4B-00C04F79EFBC}") = "App1", "App1\App1\App1.csproj", "{6B4FB701-2FBD-49C3-80EC-9D770DBF7592}"
EndProject
Project("{FAE04EC0-301F-11D3-BF4B-00C04F79EFBC}") = "App1.Droid", "App1\App1.Droid\App1.Droid.csproj", "{E83F6EF7-F351-408C-9655-5B1302761585}"
EndProject
Project("{FAE04EC0-301F-11D3-BF4B-00C04F79EFBC}") = "App1.iOS", "App1\App1.iOS\App1.iOS.csproj", "{EDE1C756-2F07-4B42-A4D3-C088DF052539}"
EndProject
Global
	GlobalSection(SolutionConfigurationPlatforms) = preSolution
		Ad-Hoc|Any CPU = Ad-Hoc|Any CPU
		Ad-Hoc|iPhone = Ad-Hoc|iPhone
		Ad-Hoc|iPhoneSimulator = Ad-Hoc|iPhoneSimulator
		AppStore|Any CPU = AppStore|Any CPU
		AppStore|iPhone = AppStore|iPhone
		AppStore|iPhoneSimulator = AppStore|iPhoneSimulator
		Debug|Any CPU = Debug|Any CPU
		Debug|iPhone = Debug|iPhone
		Debug|iPhoneSimulator = Debug|iPhoneSimulator
		Release|Any CPU = Release|Any CPU
		Release|iPhone = Release|iPhone
		Release|iPhoneSimulator = Release|iPhoneSimulator
	EndGlobalSection
	GlobalSection(ProjectConfigurationPlatforms) = postSolution
		{6B4FB701-2FBD-49C3-80EC-9D770DBF7592}.Ad-Hoc|Any CPU.ActiveCfg = Release|Any CPU
		{6B4FB701-2FBD-49C3-80EC-9D770DBF7592}.Ad-Hoc|Any CPU.Build.0 = Release|Any CPU
		{6B4FB701-2FBD-49C3-80EC-9D770DBF7592}.Ad-Hoc|iPhone.ActiveCfg = Release|Any CPU
		{6B4FB701-2FBD-49C3-80EC-9D770DBF7592}.Ad-Hoc|iPhone.Build.0 = Release|Any CPU
		{6B4FB701-2FBD-49C3-80EC-9D770DBF7592}.Ad-Hoc|iPhoneSimulator.ActiveCfg = Release|Any CPU
		{6B4FB701-2FBD-49C3-80EC-9D770DBF7592}.Ad-Hoc|iPhoneSimulator.Build.0 = Release|Any CPU
		{6B4FB701-2FBD-49C3-80EC-9D770DBF7592}.AppStore|Any CPU.ActiveCfg = Release|Any CPU
		{6B4FB701-2FBD-49C3-80EC-9D770DBF7592}.AppStore|Any CPU.Build.0 = Release|Any CPU
		{6B4FB701-2FBD-49C3-80EC-9D770DBF7592}.AppStore|iPhone.ActiveCfg = Release|Any CPU
		{6B4FB701-2FBD-49C3-80EC-9D770DBF7592}.AppStore|iPhone.Build.0 = Release|Any CPU
		{6B4FB701-2FBD-49C3-80EC-9D770DBF7592}.AppStore|iPhoneSimulator.ActiveCfg = Release|Any CPU
		{6B4FB701-2FBD-49C3-80EC-9D770DBF7592}.AppStore|iPhoneSimulator.Build.0 = Release|Any CPU
		{6B4FB701-2FBD-49C3-80EC-9D770DBF7592}.Debug|Any CPU.ActiveCfg = Debug|Any CPU
		{6B4FB701-2FBD-49C3-80EC-9D770DBF7592}.Debug|Any CPU.Build.0 = Debug|Any CPU
		{6B4FB701-2FBD-49C3-80EC-9D770DBF7592}.Debug|iPhone.ActiveCfg = Debug|Any CPU
		{6B4FB701-2FBD-49C3-80EC-9D770DBF7592}.Debug|iPhone.Build.0 = Debug|Any CPU
		{6B4FB701-2FBD-49C3-80EC-9D770DBF7592}.Debug|iPhoneSimulator.ActiveCfg = Debug|Any CPU
		{6B4FB701-2FBD-49C3-80EC-9D770DBF7592}.Debug|iPhoneSimulator.Build.0 = Debug|Any CPU
		{6B4FB701-2FBD-49C3-80EC-9D770DBF7592}.Release|Any CPU.ActiveCfg = Release|Any CPU
		{6B4FB701-2FBD-49C3-80EC-9D770DBF7592}.Release|Any CPU.Build.0 = Release|Any CPU
		{6B4FB701-2FBD-49C3-80EC-9D770DBF7592}.Release|iPhone.ActiveCfg = Release|Any CPU
		{6B4FB701-2FBD-49C3-80EC-9D770DBF7592}.Release|iPhone.Build.0 = Release|Any CPU
		{6B4FB701-2FBD-49C3-80EC-9D770DBF7592}.Release|iPhoneSimulator.ActiveCfg = Release|Any CPU
		{6B4FB701-2FBD-49C3-80EC-9D770DBF7592}.Release|iPhoneSimulator.Build.0 = Release|Any CPU
		{E83F6EF7-F351-408C-9655-5B1302761585}.Ad-Hoc|Any CPU.ActiveCfg = Release|Any CPU
		{E83F6EF7-F351-408C-9655-5B1302761585}.Ad-Hoc|Any CPU.Build.0 = Release|Any CPU
		{E83F6EF7-F351-408C-9655-5B1302761585}.Ad-Hoc|Any CPU.Deploy.0 = Release|Any CPU
		{E83F6EF7-F351-408C-9655-5B1302761585}.Ad-Hoc|iPhone.ActiveCfg = Release|Any CPU
		{E83F6EF7-F351-408C-9655-5B1302761585}.Ad-Hoc|iPhone.Build.0 = Release|Any CPU
		{E83F6EF7-F351-408C-9655-5B1302761585}.Ad-Hoc|iPhone.Deploy.0 = Release|Any CPU
		{E83F6EF7-F351-408C-9655-5B1302761585}.Ad-Hoc|iPhoneSimulator.ActiveCfg = Release|Any CPU
		{E83F6EF7-F351-408C-9655-5B1302761585}.Ad-Hoc|iPhoneSimulator.Build.0 = Release|Any CPU
		{E83F6EF7-F351-408C-9655-5B1302761585}.Ad-Hoc|iPhoneSimulator.Deploy.0 = Release|Any CPU
		{E83F6EF7-F351-408C-9655-5B1302761585}.AppStore|Any CPU.ActiveCfg = Release|Any CPU
		{E83F6EF7-F351-408C-9655-5B1302761585}.AppStore|Any CPU.Build.0 = Release|Any CPU
		{E83F6EF7-F351-408C-9655-5B1302761585}.AppStore|Any CPU.Deploy.0 = Release|Any CPU
		{E83F6EF7-F351-408C-9655-5B1302761585}.AppStore|iPhone.ActiveCfg = Release|Any CPU
		{E83F6EF7-F351-408C-9655-5B1302761585}.AppStore|iPhone.Build.0 = Release|Any CPU
		{E83F6EF7-F351-408C-9655-5B1302761585}.AppStore|iPhone.Deploy.0 = Release|Any CPU
		{E83F6EF7-F351-408C-9655-5B1302761585}.AppStore|iPhoneSimulator.ActiveCfg = Release|Any CPU
		{E83F6EF7-F351-408C-9655-5B1302761585}.AppStore|iPhoneSimulator.Build.0 = Release|Any CPU
		{E83F6EF7-F351-408C-9655-5B1302761585}.AppStore|iPhoneSimulator.Deploy.0 = Release|Any CPU
		{E83F6EF7-F351-408C-9655-5B1302761585}.Debug|Any CPU.ActiveCfg = Debug|Any CPU
		{E83F6EF7-F351-408C-9655-5B1302761585}.Debug|Any CPU.Build.0 = Debug|Any CPU
		{E83F6EF7-F351-408C-9655-5B1302761585}.Debug|Any CPU.Deploy.0 = Debug|Any CPU
		{E83F6EF7-F351-408C-9655-5B1302761585}.Debug|iPhone.ActiveCfg = Debug|Any CPU
		{E83F6EF7-F351-408C-9655-5B1302761585}.Debug|iPhone.Build.0 = Debug|Any CPU
		{E83F6EF7-F351-408C-9655-5B1302761585}.Debug|iPhone.Deploy.0 = Debug|Any CPU
		{E83F6EF7-F351-408C-9655-5B1302761585}.Debug|iPhoneSimulator.ActiveCfg = Debug|Any CPU
		{E83F6EF7-F351-408C-9655-5B1302761585}.Debug|iPhoneSimulator.Build.0 = Debug|Any CPU
		{E83F6EF7-F351-408C-9655-5B1302761585}.Debug|iPhoneSimulator.Deploy.0 = Debug|Any CPU
		{E83F6EF7-F351-408C-9655-5B1302761585}.Release|Any CPU.ActiveCfg = Release|Any CPU
		{E83F6EF7-F351-408C-9655-5B1302761585}.Release|Any CPU.Build.0 = Release|Any CPU
		{E83F6EF7-F351-408C-9655-5B1302761585}.Release|Any CPU.Deploy.0 = Release|Any CPU
		{E83F6EF7-F351-408C-9655-5B1302761585}.Release|iPhone.ActiveCfg = Release|Any CPU
		{E83F6EF7-F351-408C-9655-5B1302761585}.Release|iPhone.Build.0 = Release|Any CPU
		{E83F6EF7-F351-408C-9655-5B1302761585}.Release|iPhone.Deploy.0 = Release|Any CPU
		{E83F6EF7-F351-408C-9655-5B1302761585}.Release|iPhoneSimulator.ActiveCfg = Release|Any CPU
		{E83F6EF7-F351-408C-9655-5B1302761585}.Release|iPhoneSimulator.Build.0 = Release|Any CPU
		{E83F6EF7-F351-408C-9655-5B1302761585}.Release|iPhoneSimulator.Deploy.0 = Release|Any CPU
		{EDE1C756-2F07-4B42-A4D3-C088DF052539}.Ad-Hoc|Any CPU.ActiveCfg = Ad-Hoc|iPhone
		{EDE1C756-2F07-4B42-A4D3-C088DF052539}.Ad-Hoc|iPhone.ActiveCfg = Ad-Hoc|iPhone
		{EDE1C756-2F07-4B42-A4D3-C088DF052539}.Ad-Hoc|iPhone.Build.0 = Ad-Hoc|iPhone
		{EDE1C756-2F07-4B42-A4D3-C088DF052539}.Ad-Hoc|iPhoneSimulator.ActiveCfg = Ad-Hoc|iPhoneSimulator
		{EDE1C756-2F07-4B42-A4D3-C088DF052539}.Ad-Hoc|iPhoneSimulator.Build.0 = Ad-Hoc|iPhoneSimulator
		{EDE1C756-2F07-4B42-A4D3-C088DF052539}.AppStore|Any CPU.ActiveCfg = AppStore|iPhone
		{EDE1C756-2F07-4B42-A4D3-C088DF052539}.AppStore|iPhone.ActiveCfg = AppStore|iPhone
		{EDE1C756-2F07-4B42-A4D3-C088DF052539}.AppStore|iPhone.Build.0 = AppStore|iPhone
		{EDE1C756-2F07-4B42-A4D3-C088DF052539}.AppStore|iPhoneSimulator.ActiveCfg = AppStore|iPhoneSimulator
		{EDE1C756-2F07-4B42-A4D3-C088DF052539}.AppStore|iPhoneSimulator.Build.0 = AppStore|iPhoneSimulator
		{EDE1C756-2F07-4B42-A4D3-C088DF052539}.Debug|Any CPU.ActiveCfg = Debug|iPhone
		{EDE1C756-2F07-4B42-A4D3-C088DF052539}.Debug|iPhone.ActiveCfg = Debug|iPhone
		{EDE1C756-2F07-4B42-A4D3-C088DF052539}.Debug|iPhone.Build.0 = Debug|iPhone
		{EDE1C756-2F07-4B42-A4D3-C088DF052539}.Debug|iPhoneSimulator.ActiveCfg = Debug|iPhoneSimulator
		{EDE1C756-2F07-4B42-A4D3-C088DF052539}.Debug|iPhoneSimulator.Build.0 = Debug|iPhoneSimulator
		{EDE1C756-2F07-4B42-A4D3-C088DF052539}.Release|Any CPU.ActiveCfg = Release|iPhone
		{EDE1C756-2F07-4B42-A4D3-C088DF052539}.Release|iPhone.ActiveCfg = Release|iPhone
		{EDE1C756-2F07-4B42-A4D3-C088DF052539}.Release|iPhone.Build.0 = Release|iPhone
		{EDE1C756-2F07-4B42-A4D3-C088DF052539}.Release|iPhoneSimulator.ActiveCfg = Release|iPhoneSimulator
		{EDE1C756-2F07-4B42-A4D3-C088DF052539}.Release|iPhoneSimulator.Build.0 = Release|iPhoneSimulator
	EndGlobalSection
	GlobalSection(SolutionProperties) = preSolution
		HideSolutionNode = FALSE
	EndGlobalSection
EndGlobal
